
Microsoft Visual Studio Solution File, Format Version 12.00
# Visual Studio 2012
Project("{FAE04EC0-301F-11D3-BF4B-00C04F79EFBC}") = "iOS", "iOS\iOS.csproj", "{EFAEF3CA-CBCF-49E2-A52A-069372D79667}"
EndProject
Project("{FAE04EC0-301F-11D3-BF4B-00C04F79EFBC}") = "Android", "Android\Android.csproj", "{5D8B279C-B1A0-422B-8611-FE0E44FA65FD}"
EndProject
Project("{FAE04EC0-301F-11D3-BF4B-00C04F79EFBC}") = "WP7", "WP7\WP7.csproj", "{F2760FBB-3F71-4378-881C-458FF191CF47}"
EndProject
Global
	GlobalSection(SolutionConfigurationPlatforms) = preSolution
		Debug|Any CPU = Debug|Any CPU
		Debug|iPhone = Debug|iPhone
		Debug|iPhoneSimulator = Debug|iPhoneSimulator
		Debug|Mixed Platforms = Debug|Mixed Platforms
		Distribution|Any CPU = Distribution|Any CPU
		Distribution|iPhone = Distribution|iPhone
		Distribution|iPhoneSimulator = Distribution|iPhoneSimulator
		Distribution|Mixed Platforms = Distribution|Mixed Platforms
		Release|Any CPU = Release|Any CPU
		Release|iPhone = Release|iPhone
		Release|iPhoneSimulator = Release|iPhoneSimulator
		Release|Mixed Platforms = Release|Mixed Platforms
	EndGlobalSection
	GlobalSection(ProjectConfigurationPlatforms) = postSolution
		{EFAEF3CA-CBCF-49E2-A52A-069372D79667}.Debug|Any CPU.ActiveCfg = Debug|iPhoneSimulator
		{EFAEF3CA-CBCF-49E2-A52A-069372D79667}.Debug|iPhone.ActiveCfg = Debug|iPhone
		{EFAEF3CA-CBCF-49E2-A52A-069372D79667}.Debug|iPhone.Build.0 = Debug|iPhone
		{EFAEF3CA-CBCF-49E2-A52A-069372D79667}.Debug|iPhoneSimulator.ActiveCfg = Debug|iPhoneSimulator
		{EFAEF3CA-CBCF-49E2-A52A-069372D79667}.Debug|iPhoneSimulator.Build.0 = Debug|iPhoneSimulator
		{EFAEF3CA-CBCF-49E2-A52A-069372D79667}.Debug|Mixed Platforms.ActiveCfg = Debug|iPhoneSimulator
		{EFAEF3CA-CBCF-49E2-A52A-069372D79667}.Debug|Mixed Platforms.Build.0 = Debug|iPhoneSimulator
		{EFAEF3CA-CBCF-49E2-A52A-069372D79667}.Distribution|Any CPU.ActiveCfg = Distribution|iPhoneSimulator
		{EFAEF3CA-CBCF-49E2-A52A-069372D79667}.Distribution|iPhone.ActiveCfg = Distribution|iPhone
		{EFAEF3CA-CBCF-49E2-A52A-069372D79667}.Distribution|iPhone.Build.0 = Distribution|iPhone
		{EFAEF3CA-CBCF-49E2-A52A-069372D79667}.Distribution|iPhoneSimulator.ActiveCfg = Distribution|iPhone
		{EFAEF3CA-CBCF-49E2-A52A-069372D79667}.Distribution|Mixed Platforms.ActiveCfg = Distribution|iPhoneSimulator
		{EFAEF3CA-CBCF-49E2-A52A-069372D79667}.Distribution|Mixed Platforms.Build.0 = Distribution|iPhoneSimulator
		{EFAEF3CA-CBCF-49E2-A52A-069372D79667}.Release|Any CPU.ActiveCfg = Release|iPhoneSimulator
		{EFAEF3CA-CBCF-49E2-A52A-069372D79667}.Release|iPhone.ActiveCfg = Release|iPhone
		{EFAEF3CA-CBCF-49E2-A52A-069372D79667}.Release|iPhone.Build.0 = Release|iPhone
		{EFAEF3CA-CBCF-49E2-A52A-069372D79667}.Release|iPhoneSimulator.ActiveCfg = Release|iPhoneSimulator
		{EFAEF3CA-CBCF-49E2-A52A-069372D79667}.Release|iPhoneSimulator.Build.0 = Release|iPhoneSimulator
		{EFAEF3CA-CBCF-49E2-A52A-069372D79667}.Release|Mixed Platforms.ActiveCfg = Release|iPhoneSimulator
		{EFAEF3CA-CBCF-49E2-A52A-069372D79667}.Release|Mixed Platforms.Build.0 = Release|iPhoneSimulator
		{5D8B279C-B1A0-422B-8611-FE0E44FA65FD}.Debug|Any CPU.ActiveCfg = Debug|Any CPU
		{5D8B279C-B1A0-422B-8611-FE0E44FA65FD}.Debug|Any CPU.Build.0 = Debug|Any CPU
		{5D8B279C-B1A0-422B-8611-FE0E44FA65FD}.Debug|Any CPU.Deploy.0 = Debug|Any CPU
		{5D8B279C-B1A0-422B-8611-FE0E44FA65FD}.Debug|iPhone.ActiveCfg = Debug|Any CPU
		{5D8B279C-B1A0-422B-8611-FE0E44FA65FD}.Debug|iPhone.Build.0 = Debug|Any CPU
		{5D8B279C-B1A0-422B-8611-FE0E44FA65FD}.Debug|iPhone.Deploy.0 = Debug|Any CPU
		{5D8B279C-B1A0-422B-8611-FE0E44FA65FD}.Debug|iPhoneSimulator.ActiveCfg = Debug|Any CPU
		{5D8B279C-B1A0-422B-8611-FE0E44FA65FD}.Debug|iPhoneSimulator.Build.0 = Debug|Any CPU
		{5D8B279C-B1A0-422B-8611-FE0E44FA65FD}.Debug|Mixed Platforms.ActiveCfg = Debug|Any CPU
		{5D8B279C-B1A0-422B-8611-FE0E44FA65FD}.Debug|Mixed Platforms.Build.0 = Debug|Any CPU
		{5D8B279C-B1A0-422B-8611-FE0E44FA65FD}.Debug|Mixed Platforms.Deploy.0 = Debug|Any CPU
		{5D8B279C-B1A0-422B-8611-FE0E44FA65FD}.Distribution|Any CPU.ActiveCfg = Debug|Any CPU
		{5D8B279C-B1A0-422B-8611-FE0E44FA65FD}.Distribution|Any CPU.Build.0 = Debug|Any CPU
		{5D8B279C-B1A0-422B-8611-FE0E44FA65FD}.Distribution|Any CPU.Deploy.0 = Debug|Any CPU
		{5D8B279C-B1A0-422B-8611-FE0E44FA65FD}.Distribution|iPhone.ActiveCfg = Debug|Any CPU
		{5D8B279C-B1A0-422B-8611-FE0E44FA65FD}.Distribution|iPhone.Build.0 = Debug|Any CPU
		{5D8B279C-B1A0-422B-8611-FE0E44FA65FD}.Distribution|iPhoneSimulator.ActiveCfg = Debug|Any CPU
		{5D8B279C-B1A0-422B-8611-FE0E44FA65FD}.Distribution|Mixed Platforms.ActiveCfg = Debug|Any CPU
		{5D8B279C-B1A0-422B-8611-FE0E44FA65FD}.Distribution|Mixed Platforms.Build.0 = Debug|Any CPU
		{5D8B279C-B1A0-422B-8611-FE0E44FA65FD}.Distribution|Mixed Platforms.Deploy.0 = Debug|Any CPU
		{5D8B279C-B1A0-422B-8611-FE0E44FA65FD}.Release|Any CPU.ActiveCfg = Release|Any CPU
		{5D8B279C-B1A0-422B-8611-FE0E44FA65FD}.Release|Any CPU.Build.0 = Release|Any CPU
		{5D8B279C-B1A0-422B-8611-FE0E44FA65FD}.Release|Any CPU.Deploy.0 = Release|Any CPU
		{5D8B279C-B1A0-422B-8611-FE0E44FA65FD}.Release|iPhone.ActiveCfg = Release|Any CPU
		{5D8B279C-B1A0-422B-8611-FE0E44FA65FD}.Release|iPhone.Build.0 = Release|Any CPU
		{5D8B279C-B1A0-422B-8611-FE0E44FA65FD}.Release|iPhone.Deploy.0 = Release|Any CPU
		{5D8B279C-B1A0-422B-8611-FE0E44FA65FD}.Release|iPhoneSimulator.ActiveCfg = Release|Any CPU
		{5D8B279C-B1A0-422B-8611-FE0E44FA65FD}.Release|iPhoneSimulator.Build.0 = Release|Any CPU
		{5D8B279C-B1A0-422B-8611-FE0E44FA65FD}.Release|Mixed Platforms.ActiveCfg = Release|Any CPU
		{5D8B279C-B1A0-422B-8611-FE0E44FA65FD}.Release|Mixed Platforms.Build.0 = Release|Any CPU
		{5D8B279C-B1A0-422B-8611-FE0E44FA65FD}.Release|Mixed Platforms.Deploy.0 = Release|Any CPU
		{F2760FBB-3F71-4378-881C-458FF191CF47}.Debug|Any CPU.ActiveCfg = Debug|Any CPU
		{F2760FBB-3F71-4378-881C-458FF191CF47}.Debug|Any CPU.Build.0 = Debug|Any CPU
		{F2760FBB-3F71-4378-881C-458FF191CF47}.Debug|Any CPU.Deploy.0 = Debug|Any CPU
		{F2760FBB-3F71-4378-881C-458FF191CF47}.Debug|iPhone.ActiveCfg = Debug|Any CPU
		{F2760FBB-3F71-4378-881C-458FF191CF47}.Debug|iPhoneSimulator.ActiveCfg = Debug|Any CPU
		{F2760FBB-3F71-4378-881C-458FF191CF47}.Debug|Mixed Platforms.ActiveCfg = Debug|Any CPU
		{F2760FBB-3F71-4378-881C-458FF191CF47}.Debug|Mixed Platforms.Build.0 = Debug|Any CPU
		{F2760FBB-3F71-4378-881C-458FF191CF47}.Debug|Mixed Platforms.Deploy.0 = Debug|Any CPU
		{F2760FBB-3F71-4378-881C-458FF191CF47}.Distribution|Any CPU.ActiveCfg = Debug|Any CPU
		{F2760FBB-3F71-4378-881C-458FF191CF47}.Distribution|Any CPU.Build.0 = Debug|Any CPU
		{F2760FBB-3F71-4378-881C-458FF191CF47}.Distribution|Any CPU.Deploy.0 = Debug|Any CPU
		{F2760FBB-3F71-4378-881C-458FF191CF47}.Distribution|iPhone.ActiveCfg = Debug|Any CPU
		{F2760FBB-3F71-4378-881C-458FF191CF47}.Distribution|iPhoneSimulator.ActiveCfg = Debug|Any CPU
		{F2760FBB-3F71-4378-881C-458FF191CF47}.Distribution|Mixed Platforms.ActiveCfg = Debug|Any CPU
		{F2760FBB-3F71-4378-881C-458FF191CF47}.Distribution|Mixed Platforms.Build.0 = Debug|Any CPU
		{F2760FBB-3F71-4378-881C-458FF191CF47}.Distribution|Mixed Platforms.Deploy.0 = Debug|Any CPU
		{F2760FBB-3F71-4378-881C-458FF191CF47}.Release|Any CPU.ActiveCfg = Release|Any CPU
		{F2760FBB-3F71-4378-881C-458FF191CF47}.Release|Any CPU.Build.0 = Release|Any CPU
		{F2760FBB-3F71-4378-881C-458FF191CF47}.Release|Any CPU.Deploy.0 = Release|Any CPU
		{F2760FBB-3F71-4378-881C-458FF191CF47}.Release|iPhone.ActiveCfg = Release|Any CPU
		{F2760FBB-3F71-4378-881C-458FF191CF47}.Release|iPhoneSimulator.ActiveCfg = Release|Any CPU
		{F2760FBB-3F71-4378-881C-458FF191CF47}.Release|Mixed Platforms.ActiveCfg = Release|Any CPU
		{F2760FBB-3F71-4378-881C-458FF191CF47}.Release|Mixed Platforms.Build.0 = Release|Any CPU
		{F2760FBB-3F71-4378-881C-458FF191CF47}.Release|Mixed Platforms.Deploy.0 = Release|Any CPU
	EndGlobalSection
	GlobalSection(SolutionProperties) = preSolution
		HideSolutionNode = FALSE
	EndGlobalSection
	GlobalSection(MonoDevelopProperties) = preSolution
		$0.ChangeLogPolicy = $4
		$0.DotNetNamingPolicy = $1
		$0.StandardHeader = $2
		$0.VersionControlPolicy = $3
		$1.DirectoryNamespaceAssociation = None
		$1.ResourceNamePolicy = FileFormatDefault
		$2.IncludeInNewFiles = True
		$2.Text = 
		$3.inheritsSet = Mono
		$4.MessageStyle = $5
		$4.UpdateMode = None
		$4.inheritsSet = Mono
		$5.LineAlign = 0
		Policies = $0
		StartupItem = Android\Android.csproj
		description = Monospace 2012 Conference app for iPhone
		version = 1.0
	EndGlobalSection
EndGlobal
