
Microsoft Visual Studio Solution File, Format Version 11.00
# Visual Studio 2010
Project("{FAE04EC0-301F-11D3-BF4B-00C04F79EFBC}") = "iOS", "iOS\iOS.csproj", "{EFAEF3CA-CBCF-49E2-A52A-069372D79667}"
EndProject
Project("{FAE04EC0-301F-11D3-BF4B-00C04F79EFBC}") = "Android", "Android\Android.csproj", "{5D8B279C-B1A0-422B-8611-FE0E44FA65FD}"
EndProject
Global
	GlobalSection(SolutionConfigurationPlatforms) = preSolution
		Debug|iPhoneSimulator = Debug|iPhoneSimulator
		Release|iPhoneSimulator = Release|iPhoneSimulator
		Debug|iPhone = Debug|iPhone
		Release|iPhone = Release|iPhone
		Distribution|iPhone = Distribution|iPhone
	EndGlobalSection
	GlobalSection(ProjectConfigurationPlatforms) = postSolution
		{5D8B279C-B1A0-422B-8611-FE0E44FA65FD}.Debug|iPhone.ActiveCfg = Debug|Any CPU
		{5D8B279C-B1A0-422B-8611-FE0E44FA65FD}.Debug|iPhone.Build.0 = Debug|Any CPU
		{5D8B279C-B1A0-422B-8611-FE0E44FA65FD}.Debug|iPhoneSimulator.ActiveCfg = Debug|Any CPU
		{5D8B279C-B1A0-422B-8611-FE0E44FA65FD}.Debug|iPhoneSimulator.Build.0 = Debug|Any CPU
		{5D8B279C-B1A0-422B-8611-FE0E44FA65FD}.Distribution|iPhone.ActiveCfg = Debug|Any CPU
		{5D8B279C-B1A0-422B-8611-FE0E44FA65FD}.Distribution|iPhone.Build.0 = Debug|Any CPU
		{5D8B279C-B1A0-422B-8611-FE0E44FA65FD}.Release|iPhone.ActiveCfg = Release|Any CPU
		{5D8B279C-B1A0-422B-8611-FE0E44FA65FD}.Release|iPhone.Build.0 = Release|Any CPU
		{5D8B279C-B1A0-422B-8611-FE0E44FA65FD}.Release|iPhoneSimulator.ActiveCfg = Release|Any CPU
		{5D8B279C-B1A0-422B-8611-FE0E44FA65FD}.Release|iPhoneSimulator.Build.0 = Release|Any CPU
		{EFAEF3CA-CBCF-49E2-A52A-069372D79667}.Debug|iPhone.ActiveCfg = Debug|iPhone
		{EFAEF3CA-CBCF-49E2-A52A-069372D79667}.Debug|iPhone.Build.0 = Debug|iPhone
		{EFAEF3CA-CBCF-49E2-A52A-069372D79667}.Debug|iPhoneSimulator.ActiveCfg = Debug|iPhoneSimulator
		{EFAEF3CA-CBCF-49E2-A52A-069372D79667}.Debug|iPhoneSimulator.Build.0 = Debug|iPhoneSimulator
		{EFAEF3CA-CBCF-49E2-A52A-069372D79667}.Distribution|iPhone.ActiveCfg = Distribution|iPhone
		{EFAEF3CA-CBCF-49E2-A52A-069372D79667}.Distribution|iPhone.Build.0 = Distribution|iPhone
		{EFAEF3CA-CBCF-49E2-A52A-069372D79667}.Release|iPhone.ActiveCfg = Release|iPhone
		{EFAEF3CA-CBCF-49E2-A52A-069372D79667}.Release|iPhone.Build.0 = Release|iPhone
		{EFAEF3CA-CBCF-49E2-A52A-069372D79667}.Release|iPhoneSimulator.ActiveCfg = Release|iPhoneSimulator
		{EFAEF3CA-CBCF-49E2-A52A-069372D79667}.Release|iPhoneSimulator.Build.0 = Release|iPhoneSimulator
		{3FFBFFF8-5560-4EDE-82E5-3FFDFBBA8A50}.Debug|iPhone.ActiveCfg = Debug|iPhone
		{3FFBFFF8-5560-4EDE-82E5-3FFDFBBA8A50}.Debug|iPhone.Build.0 = Debug|iPhone
		{3FFBFFF8-5560-4EDE-82E5-3FFDFBBA8A50}.Debug|iPhoneSimulator.ActiveCfg = Debug|iPhoneSimulator
		{3FFBFFF8-5560-4EDE-82E5-3FFDFBBA8A50}.Debug|iPhoneSimulator.Build.0 = Debug|iPhoneSimulator
		{3FFBFFF8-5560-4EDE-82E5-3FFDFBBA8A50}.Distribution|iPhone.ActiveCfg = Distribution|iPhone
		{3FFBFFF8-5560-4EDE-82E5-3FFDFBBA8A50}.Distribution|iPhone.Build.0 = Distribution|iPhone
		{3FFBFFF8-5560-4EDE-82E5-3FFDFBBA8A50}.Release|iPhone.ActiveCfg = Release|iPhone
		{3FFBFFF8-5560-4EDE-82E5-3FFDFBBA8A50}.Release|iPhone.Build.0 = Release|iPhone
		{3FFBFFF8-5560-4EDE-82E5-3FFDFBBA8A50}.Release|iPhoneSimulator.ActiveCfg = Release|iPhoneSimulator
		{3FFBFFF8-5560-4EDE-82E5-3FFDFBBA8A50}.Release|iPhoneSimulator.Build.0 = Release|iPhoneSimulator
	EndGlobalSection
	GlobalSection(MonoDevelopProperties) = preSolution
		StartupItem = Android\Android.csproj
		Policies = $0
		$0.DotNetNamingPolicy = $1
		$1.DirectoryNamespaceAssociation = None
		$1.ResourceNamePolicy = FileFormatDefault
		$0.StandardHeader = $2
		$2.Text = 
		$2.IncludeInNewFiles = True
		$0.VersionControlPolicy = $3
		$3.inheritsSet = Mono
		$0.ChangeLogPolicy = $4
		$4.UpdateMode = None
		$4.MessageStyle = $5
		$5.LineAlign = 0
		$4.inheritsSet = Mono
		description = Monospace 2012 Conference app for iPhone
		version = 1.0
	EndGlobalSection
EndGlobal
