
Microsoft Visual Studio Solution File, Format Version 11.00
# Visual Studio 2010
Project("{FAE04EC0-301F-11D3-BF4B-00C04F79EFBC}") = "MonkeySpace", "MonkeySpace.csproj", "{F2760FBB-3F71-4378-881C-458FF191CF47}"
EndProject
Global
	GlobalSection(SolutionConfigurationPlatforms) = preSolution
		Debug|Any CPU = Debug|Any CPU
		Release|Any CPU = Release|Any CPU
	EndGlobalSection
	GlobalSection(ProjectConfigurationPlatforms) = postSolution
		{F2760FBB-3F71-4378-881C-458FF191CF47}.Debug|Any CPU.ActiveCfg = Debug|Any CPU
		{F2760FBB-3F71-4378-881C-458FF191CF47}.Debug|Any CPU.Build.0 = Debug|Any CPU
		{F2760FBB-3F71-4378-881C-458FF191CF47}.Debug|Any CPU.Deploy.0 = Debug|Any CPU
		{F2760FBB-3F71-4378-881C-458FF191CF47}.Release|Any CPU.ActiveCfg = Release|Any CPU
		{F2760FBB-3F71-4378-881C-458FF191CF47}.Release|Any CPU.Build.0 = Release|Any CPU
		{F2760FBB-3F71-4378-881C-458FF191CF47}.Release|Any CPU.Deploy.0 = Release|Any CPU
	EndGlobalSection
	GlobalSection(SolutionProperties) = preSolution
		HideSolutionNode = FALSE
	EndGlobalSection
EndGlobal
